dependencies:
- name: wordpress
  repository: file://./subcharts/wordpress
  version: 1.0.0
- name: mysql
  repository: file://./subcharts/mysql
  version: 1.0.0
- name: phpmyadmin
  repository: file://./subcharts/phpmyadmin
  version: 1.0.0
digest: sha256:a2957738989827116822ebb5243ce70df3b7380fc3a47365315dcfd53cfcea9c
generated: "2023-05-01T13:19:45.247663+02:00"
